# This file is autogenerated, do not edit; changes may be undone by the next 'dep ensure'.


[[projects]]
  digest = "1:7b5c6e2eeaa9ae5907c391a91c132abfd5c9e8a784a341b5625e750c67e6825d"
  name = "github.com/gorilla/websocket"
  packages = ["."]
  pruneopts = "UT"
  revision = "66b9c49e59c6c48f0ffce28c2d8b8a5678502c6d"
  version = "v1.4.0"

[[projects]]
  digest = "1:93d12c6a95bf83f62ca21122be8ee7bd65ce91a7025433f76718bb6675bf9977"
  name = "github.com/mitsutoshi/bitflyergo"
  packages = ["."]
  pruneopts = "UT"
  revision = "bdf2345e438a0b4d1797cdb7be89f2aebb135930"
  version = "v1.0.10"

[solve-meta]
  analyzer-name = "dep"
  analyzer-version = 1
  input-imports = [
    "github.com/gorilla/websocket",
    "github.com/mitsutoshi/bitflyergo",
  ]
  solver-name = "gps-cdcl"
  solver-version = 1
