# This file is autogenerated, do not edit; changes may be undone by the next 'dep ensure'.


[[projects]]
  digest = "1:7b5c6e2eeaa9ae5907c391a91c132abfd5c9e8a784a341b5625e750c67e6825d"
  name = "github.com/gorilla/websocket"
  packages = ["."]
  pruneopts = "UT"
  revision = "66b9c49e59c6c48f0ffce28c2d8b8a5678502c6d"
  version = "v1.4.0"

[[projects]]
  digest = "1:c5e384e333c7b8c446d23b6023867a9120161a46931ae9924b71c2190f9cb0c7"
  name = "github.com/mitsutoshi/bitflyergo"
  packages = ["."]
  pruneopts = "UT"
  revision = "13784c4c5312b665a1e06c3e4873b00538d78032"
  version = "v1.0.1"

[solve-meta]
  analyzer-name = "dep"
  analyzer-version = 1
  input-imports = [
    "github.com/gorilla/websocket",
    "github.com/mitsutoshi/bitflyergo",
  ]
  solver-name = "gps-cdcl"
  solver-version = 1
